# THIS IS AN AUTOGENERATED FILE. DO NOT EDIT THIS FILE DIRECTLY.
# yarn lockfile v1


graceful-fs@^4.1.11:
  version "4.1.15"
  resolved "https://registry.npm.taobao.org/graceful-fs/download/graceful-fs-4.1.15.tgz#ffb703e1066e8a0eeaa4c8b80ba9253eeefbfb00"
  integrity sha1-/7cD4QZuig7qpMi4C6klPu77+wA=

inherits@2.0.3:
  version "2.0.3"
  resolved "https://registry.npm.taobao.org/inherits/download/inherits-2.0.3.tgz#633c2c83e3da42a502f52466022480f4208261de"
  integrity sha1-Yzwsg+PaQqUC9SRmAiSA9CCCYd4=

klaw-sync@^6.0.0:
  version "6.0.0"
  resolved "https://registry.npm.taobao.org/klaw-sync/download/klaw-sync-6.0.0.tgz#1fd2cfd56ebb6250181114f0a581167099c2b28c"
  integrity sha1-H9LP1W67YlAYERTwpYEWcJnCsow=
  dependencies:
    graceful-fs "^4.1.11"

semver@^6.0.0:
  version "6.0.0"
  resolved "https://registry.npm.taobao.org/semver/download/semver-6.0.0.tgz?cache=0&other_urls=https%3A%2F%2Fregistry.npm.taobao.org%2Fsemver%2Fdownload%2Fsemver-6.0.0.tgz#05e359ee571e5ad7ed641a6eec1e547ba52dea65"
  integrity sha1-BeNZ7lceWtftZBpu7B5Ue6Ut6mU=

util@^0.11.1:
  version "0.11.1"
  resolved "https://registry.npm.taobao.org/util/download/util-0.11.1.tgz#3236733720ec64bb27f6e26f421aaa2e1b588d61"
  integrity sha1-MjZzNyDsZLsn9uJvQhqqLhtYjWE=
  dependencies:
    inherits "2.0.3"
